// !$*UTF8*$!
{
	archiveVersion = 1;
	classes = {
	};
	objectVersion = 51;
	objects = {

/* Begin PBXBuildFile section */
		3DB74FF5F39BC1088F5D73C5 /* Pods_LunchParty_LunchPartyUITests.framework in Frameworks */ = {isa = PBXBuildFile; fileRef = C5BDEF4D2537323FC457D730 /* Pods_LunchParty_LunchPartyUITests.framework */; };
		606797CCF875AD4A4C3BD8BD /* Pods_LunchPartyTests.framework in Frameworks */ = {isa = PBXBuildFile; fileRef = 633AA0B7B3F513DB19BADB9A /* Pods_LunchPartyTests.framework */; };
		664BF741861AEF03C792002F /* Pods_LunchParty.framework in Frameworks */ = {isa = PBXBuildFile; fileRef = DBAD993EAB864EAF44AFB9D4 /* Pods_LunchParty.framework */; };
		A1A612D9255A06F700BD730E /* AppDelegate.swift in Sources */ = {isa = PBXBuildFile; fileRef = A1A612D8255A06F700BD730E /* AppDelegate.swift */; };
		A1A612DB255A06F700BD730E /* SceneDelegate.swift in Sources */ = {isa = PBXBuildFile; fileRef = A1A612DA255A06F700BD730E /* SceneDelegate.swift */; };
		A1A612E0255A06F700BD730E /* Main.storyboard in Resources */ = {isa = PBXBuildFile; fileRef = A1A612DE255A06F700BD730E /* Main.storyboard */; };
		A1A612E2255A06FA00BD730E /* Assets.xcassets in Resources */ = {isa = PBXBuildFile; fileRef = A1A612E1255A06FA00BD730E /* Assets.xcassets */; };
		A1A612E5255A06FA00BD730E /* LaunchScreen.storyboard in Resources */ = {isa = PBXBuildFile; fileRef = A1A612E3255A06FA00BD730E /* LaunchScreen.storyboard */; };
		A1A612F0255A06FA00BD730E /* LunchPartyTests.swift in Sources */ = {isa = PBXBuildFile; fileRef = A1A612EF255A06FA00BD730E /* LunchPartyTests.swift */; };
		A1A612FB255A06FA00BD730E /* LunchPartyUITests.swift in Sources */ = {isa = PBXBuildFile; fileRef = A1A612FA255A06FA00BD730E /* LunchPartyUITests.swift */; };
		A1A61332255A236A00BD730E /* LoginViewController.swift in Sources */ = {isa = PBXBuildFile; fileRef = A1A61331255A236A00BD730E /* LoginViewController.swift */; };
/* End PBXBuildFile section */

/* Begin PBXContainerItemProxy section */
		A1A612EC255A06FA00BD730E /* PBXContainerItemProxy */ = {
			isa = PBXContainerItemProxy;
			containerPortal = A1A612CD255A06F600BD730E /* Project object */;
			proxyType = 1;
			remoteGlobalIDString = A1A612D4255A06F700BD730E;
			remoteInfo = LunchParty;
		};
		A1A612F7255A06FA00BD730E /* PBXContainerItemProxy */ = {
			isa = PBXContainerItemProxy;
			containerPortal = A1A612CD255A06F600BD730E /* Project object */;
			proxyType = 1;
			remoteGlobalIDString = A1A612D4255A06F700BD730E;
			remoteInfo = LunchParty;
		};
/* End PBXContainerItemProxy section */

/* Begin PBXFileReference section */
		196004BBD2457E15CE12DD55 /* Pods-LunchParty.release.xcconfig */ = {isa = PBXFileReference; includeInIndex = 1; lastKnownFileType = text.xcconfig; name = "Pods-LunchParty.release.xcconfig"; path = "Target Support Files/Pods-LunchParty/Pods-LunchParty.release.xcconfig"; sourceTree = "<group>"; };
		3709D12060F36324627C9488 /* Pods-LunchPartyTests.release.xcconfig */ = {isa = PBXFileReference; includeInIndex = 1; lastKnownFileType = text.xcconfig; name = "Pods-LunchPartyTests.release.xcconfig"; path = "Target Support Files/Pods-LunchPartyTests/Pods-LunchPartyTests.release.xcconfig"; sourceTree = "<group>"; };
		633AA0B7B3F513DB19BADB9A /* Pods_LunchPartyTests.framework */ = {isa = PBXFileReference; explicitFileType = wrapper.framework; includeInIndex = 0; path = Pods_LunchPartyTests.framework; sourceTree = BUILT_PRODUCTS_DIR; };
		761071D276FADD9BA055D7BD /* Pods-LunchParty.debug.xcconfig */ = {isa = PBXFileReference; includeInIndex = 1; lastKnownFileType = text.xcconfig; name = "Pods-LunchParty.debug.xcconfig"; path = "Target Support Files/Pods-LunchParty/Pods-LunchParty.debug.xcconfig"; sourceTree = "<group>"; };
		A1A612D5255A06F700BD730E /* LunchParty.app */ = {isa = PBXFileReference; explicitFileType = wrapper.application; includeInIndex = 0; path = LunchParty.app; sourceTree = BUILT_PRODUCTS_DIR; };
		A1A612D8255A06F700BD730E /* AppDelegate.swift */ = {isa = PBXFileReference; lastKnownFileType = sourcecode.swift; path = AppDelegate.swift; sourceTree = "<group>"; };
		A1A612DA255A06F700BD730E /* SceneDelegate.swift */ = {isa = PBXFileReference; lastKnownFileType = sourcecode.swift; path = SceneDelegate.swift; sourceTree = "<group>"; };
		A1A612DF255A06F700BD730E /* Base */ = {isa = PBXFileReference; lastKnownFileType = file.storyboard; name = Base; path = Base.lproj/Main.storyboard; sourceTree = "<group>"; };
		A1A612E1255A06FA00BD730E /* Assets.xcassets */ = {isa = PBXFileReference; lastKnownFileType = folder.assetcatalog; path = Assets.xcassets; sourceTree = "<group>"; };
		A1A612E4255A06FA00BD730E /* Base */ = {isa = PBXFileReference; lastKnownFileType = file.storyboard; name = Base; path = Base.lproj/LaunchScreen.storyboard; sourceTree = "<group>"; };
		A1A612E6255A06FA00BD730E /* Info.plist */ = {isa = PBXFileReference; lastKnownFileType = text.plist.xml; path = Info.plist; sourceTree = "<group>"; };
		A1A612EB255A06FA00BD730E /* LunchPartyTests.xctest */ = {isa = PBXFileReference; explicitFileType = wrapper.cfbundle; includeInIndex = 0; path = LunchPartyTests.xctest; sourceTree = BUILT_PRODUCTS_DIR; };
		A1A612EF255A06FA00BD730E /* LunchPartyTests.swift */ = {isa = PBXFileReference; lastKnownFileType = sourcecode.swift; path = LunchPartyTests.swift; sourceTree = "<group>"; };
		A1A612F1255A06FA00BD730E /* Info.plist */ = {isa = PBXFileReference; lastKnownFileType = text.plist.xml; path = Info.plist; sourceTree = "<group>"; };
		A1A612F6255A06FA00BD730E /* LunchPartyUITests.xctest */ = {isa = PBXFileReference; explicitFileType = wrapper.cfbundle; includeInIndex = 0; path = LunchPartyUITests.xctest; sourceTree = BUILT_PRODUCTS_DIR; };
		A1A612FA255A06FA00BD730E /* LunchPartyUITests.swift */ = {isa = PBXFileReference; lastKnownFileType = sourcecode.swift; path = LunchPartyUITests.swift; sourceTree = "<group>"; };
		A1A612FC255A06FA00BD730E /* Info.plist */ = {isa = PBXFileReference; lastKnownFileType = text.plist.xml; path = Info.plist; sourceTree = "<group>"; };
		A1A61331255A236A00BD730E /* LoginViewController.swift */ = {isa = PBXFileReference; fileEncoding = 4; lastKnownFileType = sourcecode.swift; name = LoginViewController.swift; path = Controllers/LoginViewController.swift; sourceTree = "<group>"; };
		B93CE02AD7977E1AE0EB0DC9 /* Pods-LunchParty-LunchPartyUITests.debug.xcconfig */ = {isa = PBXFileReference; includeInIndex = 1; lastKnownFileType = text.xcconfig; name = "Pods-LunchParty-LunchPartyUITests.debug.xcconfig"; path = "Target Support Files/Pods-LunchParty-LunchPartyUITests/Pods-LunchParty-LunchPartyUITests.debug.xcconfig"; sourceTree = "<group>"; };
		BE58282A6DB12F662AF4627D /* Pods-LunchPartyTests.debug.xcconfig */ = {isa = PBXFileReference; includeInIndex = 1; lastKnownFileType = text.xcconfig; name = "Pods-LunchPartyTests.debug.xcconfig"; path = "Target Support Files/Pods-LunchPartyTests/Pods-LunchPartyTests.debug.xcconfig"; sourceTree = "<group>"; };
		C5BDEF4D2537323FC457D730 /* Pods_LunchParty_LunchPartyUITests.framework */ = {isa = PBXFileReference; explicitFileType = wrapper.framework; includeInIndex = 0; path = Pods_LunchParty_LunchPartyUITests.framework; sourceTree = BUILT_PRODUCTS_DIR; };
		CBE7CD45A83B600FA6F6D52B /* Pods-LunchParty-LunchPartyUITests.release.xcconfig */ = {isa = PBXFileReference; includeInIndex = 1; lastKnownFileType = text.xcconfig; name = "Pods-LunchParty-LunchPartyUITests.release.xcconfig"; path = "Target Support Files/Pods-LunchParty-LunchPartyUITests/Pods-LunchParty-LunchPartyUITests.release.xcconfig"; sourceTree = "<group>"; };
		DBAD993EAB864EAF44AFB9D4 /* Pods_LunchParty.framework */ = {isa = PBXFileReference; explicitFileType = wrapper.framework; includeInIndex = 0; path = Pods_LunchParty.framework; sourceTree = BUILT_PRODUCTS_DIR; };
/* End PBXFileReference section */

/* Begin PBXFrameworksBuildPhase section */
		A1A612D2255A06F700BD730E /* Frameworks */ = {
			isa = PBXFrameworksBuildPhase;
			buildActionMask = 2147483647;
			files = (
				664BF741861AEF03C792002F /* Pods_LunchParty.framework in Frameworks */,
			);
			runOnlyForDeploymentPostprocessing = 0;
		};
		A1A612E8255A06FA00BD730E /* Frameworks */ = {
			isa = PBXFrameworksBuildPhase;
			buildActionMask = 2147483647;
			files = (
				606797CCF875AD4A4C3BD8BD /* Pods_LunchPartyTests.framework in Frameworks */,
			);
			runOnlyForDeploymentPostprocessing = 0;
		};
		A1A612F3255A06FA00BD730E /* Frameworks */ = {
			isa = PBXFrameworksBuildPhase;
			buildActionMask = 2147483647;
			files = (
				3DB74FF5F39BC1088F5D73C5 /* Pods_LunchParty_LunchPartyUITests.framework in Frameworks */,
			);
			runOnlyForDeploymentPostprocessing = 0;
		};
/* End PBXFrameworksBuildPhase section */

/* Begin PBXGroup section */
		549449EBDC43207A4599356B /* Pods */ = {
			isa = PBXGroup;
			children = (
				761071D276FADD9BA055D7BD /* Pods-LunchParty.debug.xcconfig */,
				196004BBD2457E15CE12DD55 /* Pods-LunchParty.release.xcconfig */,
				B93CE02AD7977E1AE0EB0DC9 /* Pods-LunchParty-LunchPartyUITests.debug.xcconfig */,
				CBE7CD45A83B600FA6F6D52B /* Pods-LunchParty-LunchPartyUITests.release.xcconfig */,
				BE58282A6DB12F662AF4627D /* Pods-LunchPartyTests.debug.xcconfig */,
				3709D12060F36324627C9488 /* Pods-LunchPartyTests.release.xcconfig */,
			);
			path = Pods;
			sourceTree = "<group>";
		};
		7C5A33E43A84038A75E395B3 /* Frameworks */ = {
			isa = PBXGroup;
			children = (
				DBAD993EAB864EAF44AFB9D4 /* Pods_LunchParty.framework */,
				C5BDEF4D2537323FC457D730 /* Pods_LunchParty_LunchPartyUITests.framework */,
				633AA0B7B3F513DB19BADB9A /* Pods_LunchPartyTests.framework */,
			);
			name = Frameworks;
			sourceTree = "<group>";
		};
		A1A612CC255A06F600BD730E = {
			isa = PBXGroup;
			children = (
				A1A612D7255A06F700BD730E /* LunchParty */,
				A1A612EE255A06FA00BD730E /* LunchPartyTests */,
				A1A612F9255A06FA00BD730E /* LunchPartyUITests */,
				A1A612D6255A06F700BD730E /* Products */,
				549449EBDC43207A4599356B /* Pods */,
				7C5A33E43A84038A75E395B3 /* Frameworks */,
			);
			sourceTree = "<group>";
		};
		A1A612D6255A06F700BD730E /* Products */ = {
			isa = PBXGroup;
			children = (
				A1A612D5255A06F700BD730E /* LunchParty.app */,
				A1A612EB255A06FA00BD730E /* LunchPartyTests.xctest */,
				A1A612F6255A06FA00BD730E /* LunchPartyUITests.xctest */,
			);
			name = Products;
			sourceTree = "<group>";
		};
		A1A612D7255A06F700BD730E /* LunchParty */ = {
			isa = PBXGroup;
			children = (
				A1A612D8255A06F700BD730E /* AppDelegate.swift */,
				A1A612DA255A06F700BD730E /* SceneDelegate.swift */,
				A1A612DE255A06F700BD730E /* Main.storyboard */,
				A1A612E1255A06FA00BD730E /* Assets.xcassets */,
				A1A61331255A236A00BD730E /* LoginViewController.swift */,
				A1A612E3255A06FA00BD730E /* LaunchScreen.storyboard */,
				A1A612E6255A06FA00BD730E /* Info.plist */,
			);
			path = LunchParty;
			sourceTree = "<group>";
		};
		A1A612EE255A06FA00BD730E /* LunchPartyTests */ = {
			isa = PBXGroup;
			children = (
				A1A612EF255A06FA00BD730E /* LunchPartyTests.swift */,
				A1A612F1255A06FA00BD730E /* Info.plist */,
			);
			path = LunchPartyTests;
			sourceTree = "<group>";
		};
		A1A612F9255A06FA00BD730E /* LunchPartyUITests */ = {
			isa = PBXGroup;
			children = (
				A1A612FA255A06FA00BD730E /* LunchPartyUITests.swift */,
				A1A612FC255A06FA00BD730E /* Info.plist */,
			);
			path = LunchPartyUITests;
			sourceTree = "<group>";
		};
/* End PBXGroup section */

/* Begin PBXNativeTarget section */
		A1A612D4255A06F700BD730E /* LunchParty */ = {
			isa = PBXNativeTarget;
			buildConfigurationList = A1A612FF255A06FA00BD730E /* Build configuration list for PBXNativeTarget "LunchParty" */;
			buildPhases = (
				838183D9BDC2BADE45414C23 /* [CP] Check Pods Manifest.lock */,
				A1A612D1255A06F700BD730E /* Sources */,
				A1A612D2255A06F700BD730E /* Frameworks */,
				A1A612D3255A06F700BD730E /* Resources */,
				A62FABBE3B6ADF1FD2071823 /* [CP] Embed Pods Frameworks */,
			);
			buildRules = (
			);
			dependencies = (
			);
			name = LunchParty;
			productName = LunchParty;
			productReference = A1A612D5255A06F700BD730E /* LunchParty.app */;
			productType = "com.apple.product-type.application";
		};
		A1A612EA255A06FA00BD730E /* LunchPartyTests */ = {
			isa = PBXNativeTarget;
			buildConfigurationList = A1A61302255A06FA00BD730E /* Build configuration list for PBXNativeTarget "LunchPartyTests" */;
			buildPhases = (
				5A4192FFE537D5B73B07C1E4 /* [CP] Check Pods Manifest.lock */,
				A1A612E7255A06FA00BD730E /* Sources */,
				A1A612E8255A06FA00BD730E /* Frameworks */,
				A1A612E9255A06FA00BD730E /* Resources */,
			);
			buildRules = (
			);
			dependencies = (
				A1A612ED255A06FA00BD730E /* PBXTargetDependency */,
			);
			name = LunchPartyTests;
			productName = LunchPartyTests;
			productReference = A1A612EB255A06FA00BD730E /* LunchPartyTests.xctest */;
			productType = "com.apple.product-type.bundle.unit-test";
		};
		A1A612F5255A06FA00BD730E /* LunchPartyUITests */ = {
			isa = PBXNativeTarget;
			buildConfigurationList = A1A61305255A06FA00BD730E /* Build configuration list for PBXNativeTarget "LunchPartyUITests" */;
			buildPhases = (
				1BDF8ED4298347870C3C132F /* [CP] Check Pods Manifest.lock */,
				A1A612F2255A06FA00BD730E /* Sources */,
				A1A612F3255A06FA00BD730E /* Frameworks */,
				A1A612F4255A06FA00BD730E /* Resources */,
				75D8C57A0911554E03C2A753 /* [CP] Embed Pods Frameworks */,
			);
			buildRules = (
			);
			dependencies = (
				A1A612F8255A06FA00BD730E /* PBXTargetDependency */,
			);
			name = LunchPartyUITests;
			productName = LunchPartyUITests;
			productReference = A1A612F6255A06FA00BD730E /* LunchPartyUITests.xctest */;
			productType = "com.apple.product-type.bundle.ui-testing";
		};
/* End PBXNativeTarget section */

/* Begin PBXProject section */
		A1A612CD255A06F600BD730E /* Project object */ = {
			isa = PBXProject;
			attributes = {
				LastSwiftUpdateCheck = 1200;
				LastUpgradeCheck = 1200;
				TargetAttributes = {
					A1A612D4255A06F700BD730E = {
						CreatedOnToolsVersion = 12.0.1;
					};
					A1A612EA255A06FA00BD730E = {
						CreatedOnToolsVersion = 12.0.1;
						TestTargetID = A1A612D4255A06F700BD730E;
					};
					A1A612F5255A06FA00BD730E = {
						CreatedOnToolsVersion = 12.0.1;
						TestTargetID = A1A612D4255A06F700BD730E;
					};
				};
			};
			buildConfigurationList = A1A612D0255A06F600BD730E /* Build configuration list for PBXProject "LunchParty" */;
			compatibilityVersion = "Xcode 9.3";
			developmentRegion = en;
			hasScannedForEncodings = 0;
			knownRegions = (
				en,
				Base,
			);
			mainGroup = A1A612CC255A06F600BD730E;
			productRefGroup = A1A612D6255A06F700BD730E /* Products */;
			projectDirPath = "";
			projectRoot = "";
			targets = (
				A1A612D4255A06F700BD730E /* LunchParty */,
				A1A612EA255A06FA00BD730E /* LunchPartyTests */,
				A1A612F5255A06FA00BD730E /* LunchPartyUITests */,
			);
		};
/* End PBXProject section */

/* Begin PBXResourcesBuildPhase section */
		A1A612D3255A06F700BD730E /* Resources */ = {
			isa = PBXResourcesBuildPhase;
			buildActionMask = 2147483647;
			files = (
				A1A612E5255A06FA00BD730E /* LaunchScreen.storyboard in Resources */,
				A1A612E2255A06FA00BD730E /* Assets.xcassets in Resources */,
				A1A612E0255A06F700BD730E /* Main.storyboard in Resources */,
			);
			runOnlyForDeploymentPostprocessing = 0;
		};
		A1A612E9255A06FA00BD730E /* Resources */ = {
			isa = PBXResourcesBuildPhase;
			buildActionMask = 2147483647;
			files = (
			);
			runOnlyForDeploymentPostprocessing = 0;
		};
		A1A612F4255A06FA00BD730E /* Resources */ = {
			isa = PBXResourcesBuildPhase;
			buildActionMask = 2147483647;
			files = (
			);
			runOnlyForDeploymentPostprocessing = 0;
		};
/* End PBXResourcesBuildPhase section */

/* Begin PBXShellScriptBuildPhase section */
		1BDF8ED4298347870C3C132F /* [CP] Check Pods Manifest.lock */ = {
			isa = PBXShellScriptBuildPhase;
			buildActionMask = 2147483647;
			files = (
			);
			inputFileListPaths = (
			);
			inputPaths = (
				"${PODS_PODFILE_DIR_PATH}/Podfile.lock",
				"${PODS_ROOT}/Manifest.lock",
			);
			name = "[CP] Check Pods Manifest.lock";
			outputFileListPaths = (
			);
			outputPaths = (
				"$(DERIVED_FILE_DIR)/Pods-LunchParty-LunchPartyUITests-checkManifestLockResult.txt",
			);
			runOnlyForDeploymentPostprocessing = 0;
			shellPath = /bin/sh;
			shellScript = "diff \"${PODS_PODFILE_DIR_PATH}/Podfile.lock\" \"${PODS_ROOT}/Manifest.lock\" > /dev/null\nif [ $? != 0 ] ; then\n    # print error to STDERR\n    echo \"error: The sandbox is not in sync with the Podfile.lock. Run 'pod install' or update your CocoaPods installation.\" >&2\n    exit 1\nfi\n# This output is used by Xcode 'outputs' to avoid re-running this script phase.\necho \"SUCCESS\" > \"${SCRIPT_OUTPUT_FILE_0}\"\n";
			showEnvVarsInLog = 0;
		};
		5A4192FFE537D5B73B07C1E4 /* [CP] Check Pods Manifest.lock */ = {
			isa = PBXShellScriptBuildPhase;
			buildActionMask = 2147483647;
			files = (
			);
			inputFileListPaths = (
			);
			inputPaths = (
				"${PODS_PODFILE_DIR_PATH}/Podfile.lock",
				"${PODS_ROOT}/Manifest.lock",
			);
			name = "[CP] Check Pods Manifest.lock";
			outputFileListPaths = (
			);
			outputPaths = (
				"$(DERIVED_FILE_DIR)/Pods-LunchPartyTests-checkManifestLockResult.txt",
			);
			runOnlyForDeploymentPostprocessing = 0;
			shellPath = /bin/sh;
			shellScript = "diff \"${PODS_PODFILE_DIR_PATH}/Podfile.lock\" \"${PODS_ROOT}/Manifest.lock\" > /dev/null\nif [ $? != 0 ] ; then\n    # print error to STDERR\n    echo \"error: The sandbox is not in sync with the Podfile.lock. Run 'pod install' or update your CocoaPods installation.\" >&2\n    exit 1\nfi\n# This output is used by Xcode 'outputs' to avoid re-running this script phase.\necho \"SUCCESS\" > \"${SCRIPT_OUTPUT_FILE_0}\"\n";
			showEnvVarsInLog = 0;
		};
		75D8C57A0911554E03C2A753 /* [CP] Embed Pods Frameworks */ = {
			isa = PBXShellScriptBuildPhase;
			buildActionMask = 2147483647;
			files = (
			);
			inputFileListPaths = (
				"${PODS_ROOT}/Target Support Files/Pods-LunchParty-LunchPartyUITests/Pods-LunchParty-LunchPartyUITests-frameworks-${CONFIGURATION}-input-files.xcfilelist",
			);
			name = "[CP] Embed Pods Frameworks";
			outputFileListPaths = (
				"${PODS_ROOT}/Target Support Files/Pods-LunchParty-LunchPartyUITests/Pods-LunchParty-LunchPartyUITests-frameworks-${CONFIGURATION}-output-files.xcfilelist",
			);
			runOnlyForDeploymentPostprocessing = 0;
			shellPath = /bin/sh;
			shellScript = "\"${PODS_ROOT}/Target Support Files/Pods-LunchParty-LunchPartyUITests/Pods-LunchParty-LunchPartyUITests-frameworks.sh\"\n";
			showEnvVarsInLog = 0;
		};
		838183D9BDC2BADE45414C23 /* [CP] Check Pods Manifest.lock */ = {
			isa = PBXShellScriptBuildPhase;
			buildActionMask = 2147483647;
			files = (
			);
			inputFileListPaths = (
			);
			inputPaths = (
				"${PODS_PODFILE_DIR_PATH}/Podfile.lock",
				"${PODS_ROOT}/Manifest.lock",
			);
			name = "[CP] Check Pods Manifest.lock";
			outputFileListPaths = (
			);
			outputPaths = (
				"$(DERIVED_FILE_DIR)/Pods-LunchParty-checkManifestLockResult.txt",
			);
			runOnlyForDeploymentPostprocessing = 0;
			shellPath = /bin/sh;
			shellScript = "diff \"${PODS_PODFILE_DIR_PATH}/Podfile.lock\" \"${PODS_ROOT}/Manifest.lock\" > /dev/null\nif [ $? != 0 ] ; then\n    # print error to STDERR\n    echo \"error: The sandbox is not in sync with the Podfile.lock. Run 'pod install' or update your CocoaPods installation.\" >&2\n    exit 1\nfi\n# This output is used by Xcode 'outputs' to avoid re-running this script phase.\necho \"SUCCESS\" > \"${SCRIPT_OUTPUT_FILE_0}\"\n";
			showEnvVarsInLog = 0;
		};
		A62FABBE3B6ADF1FD2071823 /* [CP] Embed Pods Frameworks */ = {
			isa = PBXShellScriptBuildPhase;
			buildActionMask = 2147483647;
			files = (
			);
			inputFileListPaths = (
				"${PODS_ROOT}/Target Support Files/Pods-LunchParty/Pods-LunchParty-frameworks-${CONFIGURATION}-input-files.xcfilelist",
			);
			name = "[CP] Embed Pods Frameworks";
			outputFileListPaths = (
				"${PODS_ROOT}/Target Support Files/Pods-LunchParty/Pods-LunchParty-frameworks-${CONFIGURATION}-output-files.xcfilelist",
			);
			runOnlyForDeploymentPostprocessing = 0;
			shellPath = /bin/sh;
			shellScript = "\"${PODS_ROOT}/Target Support Files/Pods-LunchParty/Pods-LunchParty-frameworks.sh\"\n";
			showEnvVarsInLog = 0;
		};
/* End PBXShellScriptBuildPhase section */

/* Begin PBXSourcesBuildPhase section */
		A1A612D1255A06F700BD730E /* Sources */ = {
			isa = PBXSourcesBuildPhase;
			buildActionMask = 2147483647;
			files = (
				A1A61332255A236A00BD730E /* LoginViewController.swift in Sources */,
				A1A612D9255A06F700BD730E /* AppDelegate.swift in Sources */,
				A1A612DB255A06F700BD730E /* SceneDelegate.swift in Sources */,
			);
			runOnlyForDeploymentPostprocessing = 0;
		};
		A1A612E7255A06FA00BD730E /* Sources */ = {
			isa = PBXSourcesBuildPhase;
			buildActionMask = 2147483647;
			files = (
				A1A612F0255A06FA00BD730E /* LunchPartyTests.swift in Sources */,
			);
			runOnlyForDeploymentPostprocessing = 0;
		};
		A1A612F2255A06FA00BD730E /* Sources */ = {
			isa = PBXSourcesBuildPhase;
			buildActionMask = 2147483647;
			files = (
				A1A612FB255A06FA00BD730E /* LunchPartyUITests.swift in Sources */,
			);
			runOnlyForDeploymentPostprocessing = 0;
		};
/* End PBXSourcesBuildPhase section */

/* Begin PBXTargetDependency section */
		A1A612ED255A06FA00BD730E /* PBXTargetDependency */ = {
			isa = PBXTargetDependency;
			target = A1A612D4255A06F700BD730E /* LunchParty */;
			targetProxy = A1A612EC255A06FA00BD730E /* PBXContainerItemProxy */;
		};
		A1A612F8255A06FA00BD730E /* PBXTargetDependency */ = {
			isa = PBXTargetDependency;
			target = A1A612D4255A06F700BD730E /* LunchParty */;
			targetProxy = A1A612F7255A06FA00BD730E /* PBXContainerItemProxy */;
		};
/* End PBXTargetDependency section */

/* Begin PBXVariantGroup section */
		A1A612DE255A06F700BD730E /* Main.storyboard */ = {
			isa = PBXVariantGroup;
			children = (
				A1A612DF255A06F700BD730E /* Base */,
			);
			name = Main.storyboard;
			sourceTree = "<group>";
		};
		A1A612E3255A06FA00BD730E /* LaunchScreen.storyboard */ = {
			isa = PBXVariantGroup;
			children = (
				A1A612E4255A06FA00BD730E /* Base */,
			);
			name = LaunchScreen.storyboard;
			sourceTree = "<group>";
		};
/* End PBXVariantGroup section */

/* Begin XCBuildConfiguration section */
		A1A612FD255A06FA00BD730E /* Debug */ = {
			isa = XCBuildConfiguration;
			buildSettings = {
				ALWAYS_SEARCH_USER_PATHS = NO;
				CLANG_ANALYZER_NONNULL = YES;
				CLANG_ANALYZER_NUMBER_OBJECT_CONVERSION = YES_AGGRESSIVE;
				CLANG_CXX_LANGUAGE_STANDARD = "gnu++14";
				CLANG_CXX_LIBRARY = "libc++";
				CLANG_ENABLE_MODULES = YES;
				CLANG_ENABLE_OBJC_ARC = YES;
				CLANG_ENABLE_OBJC_WEAK = YES;
				CLANG_WARN_BLOCK_CAPTURE_AUTORELEASING = YES;
				CLANG_WARN_BOOL_CONVERSION = YES;
				CLANG_WARN_COMMA = YES;
				CLANG_WARN_CONSTANT_CONVERSION = YES;
				CLANG_WARN_DEPRECATED_OBJC_IMPLEMENTATIONS = YES;
				CLANG_WARN_DIRECT_OBJC_ISA_USAGE = YES_ERROR;
				CLANG_WARN_DOCUMENTATION_COMMENTS = YES;
				CLANG_WARN_EMPTY_BODY = YES;
				CLANG_WARN_ENUM_CONVERSION = YES;
				CLANG_WARN_INFINITE_RECURSION = YES;
				CLANG_WARN_INT_CONVERSION = YES;
				CLANG_WARN_NON_LITERAL_NULL_CONVERSION = YES;
				CLANG_WARN_OBJC_IMPLICIT_RETAIN_SELF = YES;
				CLANG_WARN_OBJC_LITERAL_CONVERSION = YES;
				CLANG_WARN_OBJC_ROOT_CLASS = YES_ERROR;
				CLANG_WARN_QUOTED_INCLUDE_IN_FRAMEWORK_HEADER = YES;
				CLANG_WARN_RANGE_LOOP_ANALYSIS = YES;
				CLANG_WARN_STRICT_PROTOTYPES = YES;
				CLANG_WARN_SUSPICIOUS_MOVE = YES;
				CLANG_WARN_UNGUARDED_AVAILABILITY = YES_AGGRESSIVE;
				CLANG_WARN_UNREACHABLE_CODE = YES;
				CLANG_WARN__DUPLICATE_METHOD_MATCH = YES;
				COPY_PHASE_STRIP = NO;
				DEBUG_INFORMATION_FORMAT = dwarf;
				ENABLE_STRICT_OBJC_MSGSEND = YES;
				ENABLE_TESTABILITY = YES;
				GCC_C_LANGUAGE_STANDARD = gnu11;
				GCC_DYNAMIC_NO_PIC = NO;
				GCC_NO_COMMON_BLOCKS = YES;
				GCC_OPTIMIZATION_LEVEL = 0;
				GCC_PREPROCESSOR_DEFINITIONS = (
					"DEBUG=1",
					"$(inherited)",
				);
				GCC_WARN_64_TO_32_BIT_CONVERSION = YES;
				GCC_WARN_ABOUT_RETURN_TYPE = YES_ERROR;
				GCC_WARN_UNDECLARED_SELECTOR = YES;
				GCC_WARN_UNINITIALIZED_AUTOS = YES_AGGRESSIVE;
				GCC_WARN_UNUSED_FUNCTION = YES;
				GCC_WARN_UNUSED_VARIABLE = YES;
				IPHONEOS_DEPLOYMENT_TARGET = 14.0;
				MTL_ENABLE_DEBUG_INFO = INCLUDE_SOURCE;
				MTL_FAST_MATH = YES;
				ONLY_ACTIVE_ARCH = YES;
				SDKROOT = iphoneos;
				SWIFT_ACTIVE_COMPILATION_CONDITIONS = DEBUG;
				SWIFT_OPTIMIZATION_LEVEL = "-Onone";
			};
			name = Debug;
		};
		A1A612FE255A06FA00BD730E /* Release */ = {
			isa = XCBuildConfiguration;
			buildSettings = {
				ALWAYS_SEARCH_USER_PATHS = NO;
				CLANG_ANALYZER_NONNULL = YES;
				CLANG_ANALYZER_NUMBER_OBJECT_CONVERSION = YES_AGGRESSIVE;
				CLANG_CXX_LANGUAGE_STANDARD = "gnu++14";
				CLANG_CXX_LIBRARY = "libc++";
				CLANG_ENABLE_MODULES = YES;
				CLANG_ENABLE_OBJC_ARC = YES;
				CLANG_ENABLE_OBJC_WEAK = YES;
				CLANG_WARN_BLOCK_CAPTURE_AUTORELEASING = YES;
				CLANG_WARN_BOOL_CONVERSION = YES;
				CLANG_WARN_COMMA = YES;
				CLANG_WARN_CONSTANT_CONVERSION = YES;
				CLANG_WARN_DEPRECATED_OBJC_IMPLEMENTATIONS = YES;
				CLANG_WARN_DIRECT_OBJC_ISA_USAGE = YES_ERROR;
				CLANG_WARN_DOCUMENTATION_COMMENTS = YES;
				CLANG_WARN_EMPTY_BODY = YES;
				CLANG_WARN_ENUM_CONVERSION = YES;
				CLANG_WARN_INFINITE_RECURSION = YES;
				CLANG_WARN_INT_CONVERSION = YES;
				CLANG_WARN_NON_LITERAL_NULL_CONVERSION = YES;
				CLANG_WARN_OBJC_IMPLICIT_RETAIN_SELF = YES;
				CLANG_WARN_OBJC_LITERAL_CONVERSION = YES;
				CLANG_WARN_OBJC_ROOT_CLASS = YES_ERROR;
				CLANG_WARN_QUOTED_INCLUDE_IN_FRAMEWORK_HEADER = YES;
				CLANG_WARN_RANGE_LOOP_ANALYSIS = YES;
				CLANG_WARN_STRICT_PROTOTYPES = YES;
				CLANG_WARN_SUSPICIOUS_MOVE = YES;
				CLANG_WARN_UNGUARDED_AVAILABILITY = YES_AGGRESSIVE;
				CLANG_WARN_UNREACHABLE_CODE = YES;
				CLANG_WARN__DUPLICATE_METHOD_MATCH = YES;
				COPY_PHASE_STRIP = NO;
				DEBUG_INFORMATION_FORMAT = "dwarf-with-dsym";
				ENABLE_NS_ASSERTIONS = NO;
				ENABLE_STRICT_OBJC_MSGSEND = YES;
				GCC_C_LANGUAGE_STANDARD = gnu11;
				GCC_NO_COMMON_BLOCKS = YES;
				GCC_WARN_64_TO_32_BIT_CONVERSION = YES;
				GCC_WARN_ABOUT_RETURN_TYPE = YES_ERROR;
				GCC_WARN_UNDECLARED_SELECTOR = YES;
				GCC_WARN_UNINITIALIZED_AUTOS = YES_AGGRESSIVE;
				GCC_WARN_UNUSED_FUNCTION = YES;
				GCC_WARN_UNUSED_VARIABLE = YES;
				IPHONEOS_DEPLOYMENT_TARGET = 14.0;
				MTL_ENABLE_DEBUG_INFO = NO;
				MTL_FAST_MATH = YES;
				SDKROOT = iphoneos;
				SWIFT_COMPILATION_MODE = wholemodule;
				SWIFT_OPTIMIZATION_LEVEL = "-O";
				VALIDATE_PRODUCT = YES;
			};
			name = Release;
		};
		A1A61300255A06FA00BD730E /* Debug */ = {
			isa = XCBuildConfiguration;
			baseConfigurationReference = 761071D276FADD9BA055D7BD /* Pods-LunchParty.debug.xcconfig */;
			buildSettings = {
				ASSETCATALOG_COMPILER_APPICON_NAME = AppIcon;
				ASSETCATALOG_COMPILER_GLOBAL_ACCENT_COLOR_NAME = AccentColor;
				CODE_SIGN_STYLE = Automatic;
				DEVELOPMENT_TEAM = M6ZKVURVW6;
				INFOPLIST_FILE = LunchParty/Info.plist;
				LD_RUNPATH_SEARCH_PATHS = (
					"$(inherited)",
					"@executable_path/Frameworks",
				);
				PRODUCT_BUNDLE_IDENTIFIER = Codepath.LunchParty;
				PRODUCT_NAME = "$(TARGET_NAME)";
				SWIFT_VERSION = 5.0;
				TARGETED_DEVICE_FAMILY = "1,2";
			};
			name = Debug;
		};
		A1A61301255A06FA00BD730E /* Release */ = {
			isa = XCBuildConfiguration;
			baseConfigurationReference = 196004BBD2457E15CE12DD55 /* Pods-LunchParty.release.xcconfig */;
			buildSettings = {
				ASSETCATALOG_COMPILER_APPICON_NAME = AppIcon;
				ASSETCATALOG_COMPILER_GLOBAL_ACCENT_COLOR_NAME = AccentColor;
				CODE_SIGN_STYLE = Automatic;
				DEVELOPMENT_TEAM = M6ZKVURVW6;
				INFOPLIST_FILE = LunchParty/Info.plist;
				LD_RUNPATH_SEARCH_PATHS = (
					"$(inherited)",
					"@executable_path/Frameworks",
				);
				PRODUCT_BUNDLE_IDENTIFIER = Codepath.LunchParty;
				PRODUCT_NAME = "$(TARGET_NAME)";
				SWIFT_VERSION = 5.0;
				TARGETED_DEVICE_FAMILY = "1,2";
			};
			name = Release;
		};
		A1A61303255A06FA00BD730E /* Debug */ = {
			isa = XCBuildConfiguration;
			baseConfigurationReference = BE58282A6DB12F662AF4627D /* Pods-LunchPartyTests.debug.xcconfig */;
			buildSettings = {
				ALWAYS_EMBED_SWIFT_STANDARD_LIBRARIES = YES;
				BUNDLE_LOADER = "$(TEST_HOST)";
				CODE_SIGN_STYLE = Automatic;
				DEVELOPMENT_TEAM = M6ZKVURVW6;
				INFOPLIST_FILE = LunchPartyTests/Info.plist;
				IPHONEOS_DEPLOYMENT_TARGET = 14.0;
				LD_RUNPATH_SEARCH_PATHS = (
					"$(inherited)",
					"@executable_path/Frameworks",
					"@loader_path/Frameworks",
				);
				PRODUCT_BUNDLE_IDENTIFIER = Codepath.LunchPartyTests;
				PRODUCT_NAME = "$(TARGET_NAME)";
				SWIFT_VERSION = 5.0;
				TARGETED_DEVICE_FAMILY = "1,2";
				TEST_HOST = "$(BUILT_PRODUCTS_DIR)/LunchParty.app/LunchParty";
			};
			name = Debug;
		};
		A1A61304255A06FA00BD730E /* Release */ = {
			isa = XCBuildConfiguration;
			baseConfigurationReference = 3709D12060F36324627C9488 /* Pods-LunchPartyTests.release.xcconfig */;
			buildSettings = {
				ALWAYS_EMBED_SWIFT_STANDARD_LIBRARIES = YES;
				BUNDLE_LOADER = "$(TEST_HOST)";
				CODE_SIGN_STYLE = Automatic;
				DEVELOPMENT_TEAM = M6ZKVURVW6;
				INFOPLIST_FILE = LunchPartyTests/Info.plist;
				IPHONEOS_DEPLOYMENT_TARGET = 14.0;
				LD_RUNPATH_SEARCH_PATHS = (
					"$(inherited)",
					"@executable_path/Frameworks",
					"@loader_path/Frameworks",
				);
				PRODUCT_BUNDLE_IDENTIFIER = Codepath.LunchPartyTests;
				PRODUCT_NAME = "$(TARGET_NAME)";
				SWIFT_VERSION = 5.0;
				TARGETED_DEVICE_FAMILY = "1,2";
				TEST_HOST = "$(BUILT_PRODUCTS_DIR)/LunchParty.app/LunchParty";
			};
			name = Release;
		};
		A1A61306255A06FA00BD730E /* Debug */ = {
			isa = XCBuildConfiguration;
			baseConfigurationReference = B93CE02AD7977E1AE0EB0DC9 /* Pods-LunchParty-LunchPartyUITests.debug.xcconfig */;
			buildSettings = {
				ALWAYS_EMBED_SWIFT_STANDARD_LIBRARIES = YES;
				CODE_SIGN_STYLE = Automatic;
				DEVELOPMENT_TEAM = M6ZKVURVW6;
				INFOPLIST_FILE = LunchPartyUITests/Info.plist;
				LD_RUNPATH_SEARCH_PATHS = (
					"$(inherited)",
					"@executable_path/Frameworks",
					"@loader_path/Frameworks",
				);
				PRODUCT_BUNDLE_IDENTIFIER = Codepath.LunchPartyUITests;
				PRODUCT_NAME = "$(TARGET_NAME)";
				SWIFT_VERSION = 5.0;
				TARGETED_DEVICE_FAMILY = "1,2";
				TEST_TARGET_NAME = LunchParty;
			};
			name = Debug;
		};
		A1A61307255A06FA00BD730E /* Release */ = {
			isa = XCBuildConfiguration;
			baseConfigurationReference = CBE7CD45A83B600FA6F6D52B /* Pods-LunchParty-LunchPartyUITests.release.xcconfig */;
			buildSettings = {
				ALWAYS_EMBED_SWIFT_STANDARD_LIBRARIES = YES;
				CODE_SIGN_STYLE = Automatic;
				DEVELOPMENT_TEAM = M6ZKVURVW6;
				INFOPLIST_FILE = LunchPartyUITests/Info.plist;
				LD_RUNPATH_SEARCH_PATHS = (
					"$(inherited)",
					"@executable_path/Frameworks",
					"@loader_path/Frameworks",
				);
				PRODUCT_BUNDLE_IDENTIFIER = Codepath.LunchPartyUITests;
				PRODUCT_NAME = "$(TARGET_NAME)";
				SWIFT_VERSION = 5.0;
				TARGETED_DEVICE_FAMILY = "1,2";
				TEST_TARGET_NAME = LunchParty;
			};
			name = Release;
		};
/* End XCBuildConfiguration section */

/* Begin XCConfigurationList section */
		A1A612D0255A06F600BD730E /* Build configuration list for PBXProject "LunchParty" */ = {
			isa = XCConfigurationList;
			buildConfigurations = (
				A1A612FD255A06FA00BD730E /* Debug */,
				A1A612FE255A06FA00BD730E /* Release */,
			);
			defaultConfigurationIsVisible = 0;
			defaultConfigurationName = Release;
		};
		A1A612FF255A06FA00BD730E /* Build configuration list for PBXNativeTarget "LunchParty" */ = {
			isa = XCConfigurationList;
			buildConfigurations = (
				A1A61300255A06FA00BD730E /* Debug */,
				A1A61301255A06FA00BD730E /* Release */,
			);
			defaultConfigurationIsVisible = 0;
			defaultConfigurationName = Release;
		};
		A1A61302255A06FA00BD730E /* Build configuration list for PBXNativeTarget "LunchPartyTests" */ = {
			isa = XCConfigurationList;
			buildConfigurations = (
				A1A61303255A06FA00BD730E /* Debug */,
				A1A61304255A06FA00BD730E /* Release */,
			);
			defaultConfigurationIsVisible = 0;
			defaultConfigurationName = Release;
		};
		A1A61305255A06FA00BD730E /* Build configuration list for PBXNativeTarget "LunchPartyUITests" */ = {
			isa = XCConfigurationList;
			buildConfigurations = (
				A1A61306255A06FA00BD730E /* Debug */,
				A1A61307255A06FA00BD730E /* Release */,
			);
			defaultConfigurationIsVisible = 0;
			defaultConfigurationName = Release;
		};
/* End XCConfigurationList section */
	};
	rootObject = A1A612CD255A06F600BD730E /* Project object */;
}
